
Microsoft Visual Studio Solution File, Format Version 12.00
# Visual Studio Version 17
VisualStudioVersion = 17.14.36127.28 d17.14
MinimumVisualStudioVersion = 10.0.40219.1
Project("{FAE04EC0-301F-11D3-BF4B-00C04F79EFBC}") = "IT Step II Project", "IT Step II Project\IT Step II Project.csproj", "{C3F73A36-14F0-4FDF-B4CF-EF9D8463575E}"
EndProject
Global
	GlobalSection(SolutionConfigurationPlatforms) = preSolution
		Debug|Any CPU = Debug|Any CPU
		Release|Any CPU = Release|Any CPU
	EndGlobalSection
	GlobalSection(ProjectConfigurationPlatforms) = postSolution
		{C3F73A36-14F0-4FDF-B4CF-EF9D8463575E}.Debug|Any CPU.ActiveCfg = Debug|Any CPU
		{C3F73A36-14F0-4FDF-B4CF-EF9D8463575E}.Debug|Any CPU.Build.0 = Debug|Any CPU
		{C3F73A36-14F0-4FDF-B4CF-EF9D8463575E}.Release|Any CPU.ActiveCfg = Release|Any CPU
		{C3F73A36-14F0-4FDF-B4CF-EF9D8463575E}.Release|Any CPU.Build.0 = Release|Any CPU
	EndGlobalSection
	GlobalSection(SolutionProperties) = preSolution
		HideSolutionNode = FALSE
	EndGlobalSection
	GlobalSection(ExtensibilityGlobals) = postSolution
		SolutionGuid = {2DFFA2B3-D02E-45DD-A9BA-66D5432E35EA}
	EndGlobalSection
EndGlobal
